
Microsoft Visual Studio Solution File, Format Version 12.00
# Visual Studio Version 17
VisualStudioVersion = 17.3.32929.385
MinimumVisualStudioVersion = 10.0.40219.1
Project("{FAE04EC0-301F-11D3-BF4B-00C04F79EFBC}") = "CovidVaccinationSystem", "CovidVaccinationSystem.csproj", "{0EB20DCE-C43A-4EA0-ACBF-77E1BE3F84C8}"
EndProject
Global
	GlobalSection(SolutionConfigurationPlatforms) = preSolution
		Debug|Any CPU = Debug|Any CPU
		Release|Any CPU = Release|Any CPU
	EndGlobalSection
	GlobalSection(ProjectConfigurationPlatforms) = postSolution
		{0EB20DCE-C43A-4EA0-ACBF-77E1BE3F84C8}.Debug|Any CPU.ActiveCfg = Debug|Any CPU
		{0EB20DCE-C43A-4EA0-ACBF-77E1BE3F84C8}.Debug|Any CPU.Build.0 = Debug|Any CPU
		{0EB20DCE-C43A-4EA0-ACBF-77E1BE3F84C8}.Release|Any CPU.ActiveCfg = Release|Any CPU
		{0EB20DCE-C43A-4EA0-ACBF-77E1BE3F84C8}.Release|Any CPU.Build.0 = Release|Any CPU
	EndGlobalSection
	GlobalSection(SolutionProperties) = preSolution
		HideSolutionNode = FALSE
	EndGlobalSection
	GlobalSection(ExtensibilityGlobals) = postSolution
		SolutionGuid = {454076C2-3696-47F7-AFAB-BD11DEC9E687}
	EndGlobalSection
EndGlobal
